
Microsoft Visual Studio Solution File, Format Version 12.00
# Visual Studio Version 16
VisualStudioVersion = 16.0.30503.244
MinimumVisualStudioVersion = 10.0.40219.1
Project("{FAE04EC0-301F-11D3-BF4B-00C04F79EFBC}") = "Formulario Basico", "Formulario Basico\Formulario Basico.csproj", "{8B3615C0-B3FA-44F0-BF3A-0B0FA624CCCC}"
EndProject
Global
	GlobalSection(SolutionConfigurationPlatforms) = preSolution
		Debug|Any CPU = Debug|Any CPU
		Release|Any CPU = Release|Any CPU
	EndGlobalSection
	GlobalSection(ProjectConfigurationPlatforms) = postSolution
		{8B3615C0-B3FA-44F0-BF3A-0B0FA624CCCC}.Debug|Any CPU.ActiveCfg = Debug|Any CPU
		{8B3615C0-B3FA-44F0-BF3A-0B0FA624CCCC}.Debug|Any CPU.Build.0 = Debug|Any CPU
		{8B3615C0-B3FA-44F0-BF3A-0B0FA624CCCC}.Release|Any CPU.ActiveCfg = Release|Any CPU
		{8B3615C0-B3FA-44F0-BF3A-0B0FA624CCCC}.Release|Any CPU.Build.0 = Release|Any CPU
	EndGlobalSection
	GlobalSection(SolutionProperties) = preSolution
		HideSolutionNode = FALSE
	EndGlobalSection
	GlobalSection(ExtensibilityGlobals) = postSolution
		SolutionGuid = {BBBB6DA2-9256-483E-8C9C-D2BFDFDA5154}
	EndGlobalSection
EndGlobal
